{
  "version": 1,
  "inputs": {
    "nixpkgs": {
      "lastModified": 1789149629,
      "narHash": "sha256-H6GwaZzZf+4npqv0tph94w9tZddSjFjmQrVsW0z78uk=",
      "owner": "NixOS",
      "repo": "nixpkgs",
      "rev": "eaad089433ca2bb662274377d33df3d0e51ef28b",
      "type": "github"
    }
  },
  "packages": {
    "x86_64-linux": {
      "awscli2": {
        "attr": "awscli2",
        "drv": "/nix/store/c3pd9l81nqjwbp8mfxxygq0ksf6nbf6c-awscli2-2.35.11.drv",
        "output": "out",
        "bins": [
          "aws",
          "aws_completer"
        ],
        "name": "awscli2-2.35.11"
      },
      "code-server": {
        "attr": "code-server",
        "drv": "/nix/store/c9rggj9pn4x76k9yd5n1g2spdhms00g4-code-server-4.134.0.drv",
        "output": "out",
        "bins": [
          "code-server"
        ],
        "name": "code-server-4.134.0"
      },
      "marimo": {
        "attr": "marimo",
        "drv": "/nix/store/dv08dbb5ixpcnvjq9dd1byb6na6gffpb-python3.14-marimo-0.24.0.drv",
        "output": "out",
        "bins": [
          "marimo"
        ],
        "name": "marimo-0.24.0"
      },
      "tree": {
        "attr": "tree",
        "drv": "/nix/store/nff6ja41v4amc5146qdrkwdajyacy3g2-tree-2.3.2.drv",
        "output": "out",
        "bins": [
          "tree"
        ],
        "name": "tree-2.3.2"
      },
      "ttyd": {
        "attr": "ttyd",
        "drv": "/nix/store/sgr47161va87k6lxcvkg49h9cnc22akp-ttyd-1.7.7.drv",
        "output": "out",
        "bins": [
          "ttyd"
        ],
        "name": "ttyd-1.7.7"
      },
      "uv": {
        "attr": "uv",
        "drv": "/nix/store/cp84ngpgjh3v7why4ipv6yrmfkrh5d6m-uv-0.12.11.drv",
        "output": "out",
        "bins": [
          "uv"
        ],
        "name": "uv-0.12.11"
      }
    }
  }
}
