{
  "version": 1,
  "inputs": {
    "nixpkgs": {
      "lastModified": 1790822859,
      "narHash": "sha256-69xHQhAeMAD2wDXO7T2pcOZIF9Sga2W+JkmY2a11Ops=",
      "owner": "NixOS",
      "repo": "nixpkgs",
      "rev": "c59305bab2065cfecc4944690d9eedbb56f3a9fa",
      "type": "github"
    }
  },
  "packages": {
    "aarch64-linux": {
      "awscli2": {
        "attr": "awscli2",
        "drv": "/nix/store/23yjxrivlbf19a05iyrsvghjci0yx8vx-awscli2-2.35.11.drv",
        "output": "out",
        "bins": [
          "aws",
          "aws_completer"
        ],
        "name": "awscli2-2.35.11"
      },
      "code-server": {
        "attr": "code-server",
        "drv": "/nix/store/d52d8pfgaa9kiqisid5rcgmfg22d7mxj-code-server-4.134.0.drv",
        "output": "out",
        "bins": [
          "code-server"
        ],
        "name": "code-server-4.134.0"
      },
      "marimo": {
        "attr": "marimo",
        "drv": "/nix/store/2d4kd4v3xmbb17c324s5x6hjnc9hvcrd-python3.14-marimo-0.24.2.drv",
        "output": "out",
        "bins": [
          "marimo"
        ],
        "name": "marimo-0.24.2"
      },
      "tree": {
        "attr": "tree",
        "drv": "/nix/store/in5pip9xfch9rb11kidb7ky21jafrlz8-tree-2.3.2.drv",
        "output": "out",
        "bins": [
          "tree"
        ],
        "name": "tree-2.3.2"
      },
      "ttyd": {
        "attr": "ttyd",
        "drv": "/nix/store/n9m19hjvakypimr0kcsivsjqx7pckjkc-ttyd-1.7.7.drv",
        "output": "out",
        "bins": [
          "ttyd"
        ],
        "name": "ttyd-1.7.7"
      },
      "uv": {
        "attr": "uv",
        "drv": "/nix/store/r5afv5rqyfl4kli72pflqnwpg55r985l-uv-0.12.17.drv",
        "output": "out",
        "bins": [
          "uv"
        ],
        "name": "uv-0.12.17"
      }
    },
    "x86_64-linux": {
      "awscli2": {
        "attr": "awscli2",
        "drv": "/nix/store/2zsmrka5gayk7nxsbxz43md3v5n9dq44-awscli2-2.35.11.drv",
        "output": "out",
        "bins": [
          "aws",
          "aws_completer"
        ],
        "name": "awscli2-2.35.11"
      },
      "code-server": {
        "attr": "code-server",
        "drv": "/nix/store/04f995wja8d1vwmmmmyzjdda53rw4xpy-code-server-4.134.0.drv",
        "output": "out",
        "bins": [
          "code-server"
        ],
        "name": "code-server-4.134.0"
      },
      "marimo": {
        "attr": "marimo",
        "drv": "/nix/store/nxpjp1y61m0mlnh2d3zlwsg4brkxsppp-python3.14-marimo-0.24.2.drv",
        "output": "out",
        "bins": [
          "marimo"
        ],
        "name": "marimo-0.24.2"
      },
      "tree": {
        "attr": "tree",
        "drv": "/nix/store/nzpc4lbzb10qv59sngyjpgqm559mapbr-tree-2.3.2.drv",
        "output": "out",
        "bins": [
          "tree"
        ],
        "name": "tree-2.3.2"
      },
      "ttyd": {
        "attr": "ttyd",
        "drv": "/nix/store/af8ap7xj682rrrrdqs30bklng8yyp501-ttyd-1.7.7.drv",
        "output": "out",
        "bins": [
          "ttyd"
        ],
        "name": "ttyd-1.7.7"
      },
      "uv": {
        "attr": "uv",
        "drv": "/nix/store/zz04z7czdy8b6zxvy31j40q55lgrgn45-uv-0.12.17.drv",
        "output": "out",
        "bins": [
          "uv"
        ],
        "name": "uv-0.12.17"
      }
    }
  }
}
